// !$*UTF8*$!
{
	archiveVersion = 1;
	classes = {
	};
	objectVersion = 46;
	objects = {

/* Begin PBXBuildFile section */
		7B25BFCA1B039F7B008214D0 /* InfectedViewController.swift in Sources */ = {isa = PBXBuildFile; fileRef = 7B25BFC91B039F7B008214D0 /* InfectedViewController.swift */; };
		7B25BFCC1B03A8C5008214D0 /* AngelScene.swift in Sources */ = {isa = PBXBuildFile; fileRef = 7B25BFCB1B03A8C5008214D0 /* AngelScene.swift */; };
		7B25BFD01B03C194008214D0 /* HealthyViewController.swift in Sources */ = {isa = PBXBuildFile; fileRef = 7B25BFCF1B03C194008214D0 /* HealthyViewController.swift */; };
		7B25BFD21B03C46D008214D0 /* CloudExplosion@2x.png in Resources */ = {isa = PBXBuildFile; fileRef = 7B25BFD11B03C46D008214D0 /* CloudExplosion@2x.png */; };
		7B25BFD41B03C4D5008214D0 /* angel_wings.png in Resources */ = {isa = PBXBuildFile; fileRef = 7B25BFD31B03C4D5008214D0 /* angel_wings.png */; };
		7B25BFD61B03C4DA008214D0 /* Angel@2x.png in Resources */ = {isa = PBXBuildFile; fileRef = 7B25BFD51B03C4DA008214D0 /* Angel@2x.png */; };
		7B25BFDA1B03C4E0008214D0 /* img_sneezing2.png in Resources */ = {isa = PBXBuildFile; fileRef = 7B25BFD81B03C4E0008214D0 /* img_sneezing2.png */; };
		7B5F73091B03CD05003AF0F1 /* SKTexture+Gradient.swift in Sources */ = {isa = PBXBuildFile; fileRef = 7B5F73081B03CD05003AF0F1 /* SKTexture+Gradient.swift */; };
		7B5F730B1B03DEC1003AF0F1 /* AngelNode.swift in Sources */ = {isa = PBXBuildFile; fileRef = 7B5F730A1B03DEC1003AF0F1 /* AngelNode.swift */; };
		7B5F730D1B03E1BC003AF0F1 /* PathogenNode.swift in Sources */ = {isa = PBXBuildFile; fileRef = 7B5F730C1B03E1BC003AF0F1 /* PathogenNode.swift */; };
		7B5F730F1B03F19E003AF0F1 /* SneezeEmitter.swift in Sources */ = {isa = PBXBuildFile; fileRef = 7B5F730E1B03F19E003AF0F1 /* SneezeEmitter.swift */; };
		7B5F73111B03F1C8003AF0F1 /* SneezeDetector.swift in Sources */ = {isa = PBXBuildFile; fileRef = 7B5F73101B03F1C8003AF0F1 /* SneezeDetector.swift */; };
		7B5F73131B03FD4E003AF0F1 /* SoundEffectManager.swift in Sources */ = {isa = PBXBuildFile; fileRef = 7B5F73121B03FD4E003AF0F1 /* SoundEffectManager.swift */; };
		7BD49C141ACF283300700A0E /* AVFoundation.framework in Frameworks */ = {isa = PBXBuildFile; fileRef = 7BD49C131ACF283300700A0E /* AVFoundation.framework */; };
		7BD49C161ACF349400700A0E /* PathogenScene.swift in Sources */ = {isa = PBXBuildFile; fileRef = 7BD49C151ACF349400700A0E /* PathogenScene.swift */; };
		7BD49C181ACF354400700A0E /* SpriteKit.framework in Frameworks */ = {isa = PBXBuildFile; fileRef = 7BD49C171ACF354400700A0E /* SpriteKit.framework */; };
		7BD49C281AD028F500700A0E /* Pathogen3@2x.png in Resources */ = {isa = PBXBuildFile; fileRef = 7BD49C211AD028F500700A0E /* Pathogen3@2x.png */; };
		7BD49C291AD028F500700A0E /* Pathogen1@2x.png in Resources */ = {isa = PBXBuildFile; fileRef = 7BD49C221AD028F500700A0E /* Pathogen1@2x.png */; };
		7BD49C2A1AD028F500700A0E /* Pathogen2@2x.png in Resources */ = {isa = PBXBuildFile; fileRef = 7BD49C231AD028F500700A0E /* Pathogen2@2x.png */; };
		7D3441F71AC9A04100C358DD /* SneezeButtonImg.png in Resources */ = {isa = PBXBuildFile; fileRef = 7D3441F61AC9A04100C358DD /* SneezeButtonImg.png */; };
		7D3441F91ACB1C7E00C358DD /* FactorySneeze.m4a in Resources */ = {isa = PBXBuildFile; fileRef = 7D3441F81ACB1C7D00C358DD /* FactorySneeze.m4a */; };
		7DECF2AE1ACC62F20082788A /* BlessYou.m4a in Resources */ = {isa = PBXBuildFile; fileRef = 7DECF2AD1ACC62F20082788A /* BlessYou.m4a */; };
		7DF0A39E1AC1A3BD00AF1EFA /* AppDelegate.swift in Sources */ = {isa = PBXBuildFile; fileRef = 7DF0A39D1AC1A3BD00AF1EFA /* AppDelegate.swift */; };
		7DF0A3A01AC1A3BD00AF1EFA /* ViewController.swift in Sources */ = {isa = PBXBuildFile; fileRef = 7DF0A39F1AC1A3BD00AF1EFA /* ViewController.swift */; };
		7DF0A3A31AC1A3BD00AF1EFA /* Main.storyboard in Resources */ = {isa = PBXBuildFile; fileRef = 7DF0A3A11AC1A3BD00AF1EFA /* Main.storyboard */; };
		7DF0A3A51AC1A3BD00AF1EFA /* Images.xcassets in Resources */ = {isa = PBXBuildFile; fileRef = 7DF0A3A41AC1A3BD00AF1EFA /* Images.xcassets */; };
		7DF0A3A81AC1A3BD00AF1EFA /* LaunchScreen.xib in Resources */ = {isa = PBXBuildFile; fileRef = 7DF0A3A61AC1A3BD00AF1EFA /* LaunchScreen.xib */; };
		7DF0A3B41AC1A3BD00AF1EFA /* SneezerTests.swift in Sources */ = {isa = PBXBuildFile; fileRef = 7DF0A3B31AC1A3BD00AF1EFA /* SneezerTests.swift */; };
		7DF431641AC1F8DA00A3B11D /* CoreBluetooth.framework in Frameworks */ = {isa = PBXBuildFile; fileRef = 7DF431621AC1F8DA00A3B11D /* CoreBluetooth.framework */; };
		7DF431651AC1F8DA00A3B11D /* CoreLocation.framework in Frameworks */ = {isa = PBXBuildFile; fileRef = 7DF431631AC1F8DA00A3B11D /* CoreLocation.framework */; };
		7DF431671AC2048D00A3B11D /* AudioToolbox.framework in Frameworks */ = {isa = PBXBuildFile; fileRef = 7DF431661AC2048D00A3B11D /* AudioToolbox.framework */; };
/* End PBXBuildFile section */

/* Begin PBXContainerItemProxy section */
		7DF0A3AE1AC1A3BD00AF1EFA /* PBXContainerItemProxy */ = {
			isa = PBXContainerItemProxy;
			containerPortal = 7DF0A3901AC1A3BD00AF1EFA /* Project object */;
			proxyType = 1;
			remoteGlobalIDString = 7DF0A3971AC1A3BD00AF1EFA;
			remoteInfo = Sneezer;
		};
/* End PBXContainerItemProxy section */

/* Begin PBXFileReference section */
		7B25BFC91B039F7B008214D0 /* InfectedViewController.swift */ = {isa = PBXFileReference; fileEncoding = 4; lastKnownFileType = sourcecode.swift; path = InfectedViewController.swift; sourceTree = "<group>"; };
		7B25BFCB1B03A8C5008214D0 /* AngelScene.swift */ = {isa = PBXFileReference; fileEncoding = 4; lastKnownFileType = sourcecode.swift; path = AngelScene.swift; sourceTree = "<group>"; };
		7B25BFCF1B03C194008214D0 /* HealthyViewController.swift */ = {isa = PBXFileReference; fileEncoding = 4; lastKnownFileType = sourcecode.swift; path = HealthyViewController.swift; sourceTree = "<group>"; };
		7B25BFD11B03C46D008214D0 /* CloudExplosion@2x.png */ = {isa = PBXFileReference; lastKnownFileType = image.png; name = "CloudExplosion@2x.png"; path = "Resources/CloudExplosion@2x.png"; sourceTree = "<group>"; };
		7B25BFD31B03C4D5008214D0 /* angel_wings.png */ = {isa = PBXFileReference; lastKnownFileType = image.png; name = angel_wings.png; path = Resources/angel_wings.png; sourceTree = "<group>"; };
		7B25BFD51B03C4DA008214D0 /* Angel@2x.png */ = {isa = PBXFileReference; lastKnownFileType = image.png; name = "Angel@2x.png"; path = "Resources/Angel@2x.png"; sourceTree = "<group>"; };
		7B25BFD81B03C4E0008214D0 /* img_sneezing2.png */ = {isa = PBXFileReference; lastKnownFileType = image.png; name = img_sneezing2.png; path = Resources/img_sneezing2.png; sourceTree = "<group>"; };
		7B5F73081B03CD05003AF0F1 /* SKTexture+Gradient.swift */ = {isa = PBXFileReference; fileEncoding = 4; lastKnownFileType = sourcecode.swift; path = "SKTexture+Gradient.swift"; sourceTree = "<group>"; };
		7B5F730A1B03DEC1003AF0F1 /* AngelNode.swift */ = {isa = PBXFileReference; fileEncoding = 4; lastKnownFileType = sourcecode.swift; path = AngelNode.swift; sourceTree = "<group>"; };
		7B5F730C1B03E1BC003AF0F1 /* PathogenNode.swift */ = {isa = PBXFileReference; fileEncoding = 4; lastKnownFileType = sourcecode.swift; path = PathogenNode.swift; sourceTree = "<group>"; };
		7B5F730E1B03F19E003AF0F1 /* SneezeEmitter.swift */ = {isa = PBXFileReference; fileEncoding = 4; lastKnownFileType = sourcecode.swift; path = SneezeEmitter.swift; sourceTree = "<group>"; };
		7B5F73101B03F1C8003AF0F1 /* SneezeDetector.swift */ = {isa = PBXFileReference; fileEncoding = 4; lastKnownFileType = sourcecode.swift; path = SneezeDetector.swift; sourceTree = "<group>"; };
		7B5F73121B03FD4E003AF0F1 /* SoundEffectManager.swift */ = {isa = PBXFileReference; fileEncoding = 4; lastKnownFileType = sourcecode.swift; path = SoundEffectManager.swift; sourceTree = "<group>"; };
		7BD49C131ACF283300700A0E /* AVFoundation.framework */ = {isa = PBXFileReference; lastKnownFileType = wrapper.framework; name = AVFoundation.framework; path = System/Library/Frameworks/AVFoundation.framework; sourceTree = SDKROOT; };
		7BD49C151ACF349400700A0E /* PathogenScene.swift */ = {isa = PBXFileReference; fileEncoding = 4; lastKnownFileType = sourcecode.swift; path = PathogenScene.swift; sourceTree = "<group>"; };
		7BD49C171ACF354400700A0E /* SpriteKit.framework */ = {isa = PBXFileReference; lastKnownFileType = wrapper.framework; name = SpriteKit.framework; path = System/Library/Frameworks/SpriteKit.framework; sourceTree = SDKROOT; };
		7BD49C211AD028F500700A0E /* Pathogen3@2x.png */ = {isa = PBXFileReference; lastKnownFileType = image.png; name = "Pathogen3@2x.png"; path = "Resources/Pathogen3@2x.png"; sourceTree = "<group>"; };
		7BD49C221AD028F500700A0E /* Pathogen1@2x.png */ = {isa = PBXFileReference; lastKnownFileType = image.png; name = "Pathogen1@2x.png"; path = "Resources/Pathogen1@2x.png"; sourceTree = "<group>"; };
		7BD49C231AD028F500700A0E /* Pathogen2@2x.png */ = {isa = PBXFileReference; lastKnownFileType = image.png; name = "Pathogen2@2x.png"; path = "Resources/Pathogen2@2x.png"; sourceTree = "<group>"; };
		7D3441F61AC9A04100C358DD /* SneezeButtonImg.png */ = {isa = PBXFileReference; lastKnownFileType = image.png; name = SneezeButtonImg.png; path = Graphics/SneezeButtonImg.png; sourceTree = "<group>"; };
		7D3441F81ACB1C7D00C358DD /* FactorySneeze.m4a */ = {isa = PBXFileReference; lastKnownFileType = file; path = FactorySneeze.m4a; sourceTree = "<group>"; };
		7DECF2AD1ACC62F20082788A /* BlessYou.m4a */ = {isa = PBXFileReference; lastKnownFileType = file; path = BlessYou.m4a; sourceTree = "<group>"; };
		7DF0A3981AC1A3BD00AF1EFA /* Sneezer.app */ = {isa = PBXFileReference; explicitFileType = wrapper.application; includeInIndex = 0; path = Sneezer.app; sourceTree = BUILT_PRODUCTS_DIR; };
		7DF0A39C1AC1A3BD00AF1EFA /* Info.plist */ = {isa = PBXFileReference; lastKnownFileType = text.plist.xml; path = Info.plist; sourceTree = "<group>"; };
		7DF0A39D1AC1A3BD00AF1EFA /* AppDelegate.swift */ = {isa = PBXFileReference; lastKnownFileType = sourcecode.swift; path = AppDelegate.swift; sourceTree = "<group>"; };
		7DF0A39F1AC1A3BD00AF1EFA /* ViewController.swift */ = {isa = PBXFileReference; lastKnownFileType = sourcecode.swift; path = ViewController.swift; sourceTree = "<group>"; };
		7DF0A3A21AC1A3BD00AF1EFA /* Base */ = {isa = PBXFileReference; lastKnownFileType = file.storyboard; name = Base; path = Base.lproj/Main.storyboard; sourceTree = "<group>"; };
		7DF0A3A41AC1A3BD00AF1EFA /* Images.xcassets */ = {isa = PBXFileReference; lastKnownFileType = folder.assetcatalog; path = Images.xcassets; sourceTree = "<group>"; };
		7DF0A3A71AC1A3BD00AF1EFA /* Base */ = {isa = PBXFileReference; lastKnownFileType = file.xib; name = Base; path = Base.lproj/LaunchScreen.xib; sourceTree = "<group>"; };
		7DF0A3AD1AC1A3BD00AF1EFA /* SneezerTests.xctest */ = {isa = PBXFileReference; explicitFileType = wrapper.cfbundle; includeInIndex = 0; path = SneezerTests.xctest; sourceTree = BUILT_PRODUCTS_DIR; };
		7DF0A3B21AC1A3BD00AF1EFA /* Info.plist */ = {isa = PBXFileReference; lastKnownFileType = text.plist.xml; path = Info.plist; sourceTree = "<group>"; };
		7DF0A3B31AC1A3BD00AF1EFA /* SneezerTests.swift */ = {isa = PBXFileReference; lastKnownFileType = sourcecode.swift; path = SneezerTests.swift; sourceTree = "<group>"; };
		7DF431621AC1F8DA00A3B11D /* CoreBluetooth.framework */ = {isa = PBXFileReference; lastKnownFileType = wrapper.framework; name = CoreBluetooth.framework; path = System/Library/Frameworks/CoreBluetooth.framework; sourceTree = SDKROOT; };
		7DF431631AC1F8DA00A3B11D /* CoreLocation.framework */ = {isa = PBXFileReference; lastKnownFileType = wrapper.framework; name = CoreLocation.framework; path = System/Library/Frameworks/CoreLocation.framework; sourceTree = SDKROOT; };
		7DF431661AC2048D00A3B11D /* AudioToolbox.framework */ = {isa = PBXFileReference; lastKnownFileType = wrapper.framework; name = AudioToolbox.framework; path = System/Library/Frameworks/AudioToolbox.framework; sourceTree = SDKROOT; };
/* End PBXFileReference section */

/* Begin PBXFrameworksBuildPhase section */
		7DF0A3951AC1A3BD00AF1EFA /* Frameworks */ = {
			isa = PBXFrameworksBuildPhase;
			buildActionMask = 2147483647;
			files = (
				7BD49C181ACF354400700A0E /* SpriteKit.framework in Frameworks */,
				7BD49C141ACF283300700A0E /* AVFoundation.framework in Frameworks */,
				7DF431671AC2048D00A3B11D /* AudioToolbox.framework in Frameworks */,
				7DF431641AC1F8DA00A3B11D /* CoreBluetooth.framework in Frameworks */,
				7DF431651AC1F8DA00A3B11D /* CoreLocation.framework in Frameworks */,
			);
			runOnlyForDeploymentPostprocessing = 0;
		};
		7DF0A3AA1AC1A3BD00AF1EFA /* Frameworks */ = {
			isa = PBXFrameworksBuildPhase;
			buildActionMask = 2147483647;
			files = (
			);
			runOnlyForDeploymentPostprocessing = 0;
		};
/* End PBXFrameworksBuildPhase section */

/* Begin PBXGroup section */
		7B25BFCD1B03A8CB008214D0 /* Pathogen View */ = {
			isa = PBXGroup;
			children = (
				7B25BFC91B039F7B008214D0 /* InfectedViewController.swift */,
				7BD49C151ACF349400700A0E /* PathogenScene.swift */,
				7B5F730C1B03E1BC003AF0F1 /* PathogenNode.swift */,
				7B5F730E1B03F19E003AF0F1 /* SneezeEmitter.swift */,
			);
			name = "Pathogen View";
			sourceTree = "<group>";
		};
		7B25BFCE1B03BF68008214D0 /* Angel View */ = {
			isa = PBXGroup;
			children = (
				7B25BFCF1B03C194008214D0 /* HealthyViewController.swift */,
				7B25BFCB1B03A8C5008214D0 /* AngelScene.swift */,
				7B5F730A1B03DEC1003AF0F1 /* AngelNode.swift */,
				7B5F73101B03F1C8003AF0F1 /* SneezeDetector.swift */,
			);
			name = "Angel View";
			sourceTree = "<group>";
		};
		7B5F73071B03CCE6003AF0F1 /* Helper Classes */ = {
			isa = PBXGroup;
			children = (
				7B5F73081B03CD05003AF0F1 /* SKTexture+Gradient.swift */,
				7B5F73121B03FD4E003AF0F1 /* SoundEffectManager.swift */,
			);
			name = "Helper Classes";
			sourceTree = "<group>";
		};
		7DECF2AC1ACC4D650082788A /* Resources */ = {
			isa = PBXGroup;
			children = (
				7DECF2AD1ACC62F20082788A /* BlessYou.m4a */,
				7D3441F81ACB1C7D00C358DD /* FactorySneeze.m4a */,
				7D3441F61AC9A04100C358DD /* SneezeButtonImg.png */,
				7BD49C221AD028F500700A0E /* Pathogen1@2x.png */,
				7BD49C231AD028F500700A0E /* Pathogen2@2x.png */,
				7BD49C211AD028F500700A0E /* Pathogen3@2x.png */,
				7B25BFD11B03C46D008214D0 /* CloudExplosion@2x.png */,
				7B25BFD51B03C4DA008214D0 /* Angel@2x.png */,
				7B25BFD31B03C4D5008214D0 /* angel_wings.png */,
				7B25BFD81B03C4E0008214D0 /* img_sneezing2.png */,
			);
			name = Resources;
			sourceTree = "<group>";
		};
		7DF0A38F1AC1A3BD00AF1EFA = {
			isa = PBXGroup;
			children = (
				7DF0A39A1AC1A3BD00AF1EFA /* Sneezer */,
				7DF0A3B01AC1A3BD00AF1EFA /* SneezerTests */,
				7DF0A3991AC1A3BD00AF1EFA /* Products */,
			);
			sourceTree = "<group>";
		};
		7DF0A3991AC1A3BD00AF1EFA /* Products */ = {
			isa = PBXGroup;
			children = (
				7DF0A3981AC1A3BD00AF1EFA /* Sneezer.app */,
				7DF0A3AD1AC1A3BD00AF1EFA /* SneezerTests.xctest */,
			);
			name = Products;
			sourceTree = "<group>";
		};
		7DF0A39A1AC1A3BD00AF1EFA /* Sneezer */ = {
			isa = PBXGroup;
			children = (
				7DF0A39D1AC1A3BD00AF1EFA /* AppDelegate.swift */,
				7DF0A39F1AC1A3BD00AF1EFA /* ViewController.swift */,
				7B25BFCD1B03A8CB008214D0 /* Pathogen View */,
				7B25BFCE1B03BF68008214D0 /* Angel View */,
				7DF0A3A11AC1A3BD00AF1EFA /* Main.storyboard */,
				7DF0A3A41AC1A3BD00AF1EFA /* Images.xcassets */,
				7DF0A3A61AC1A3BD00AF1EFA /* LaunchScreen.xib */,
				7B5F73071B03CCE6003AF0F1 /* Helper Classes */,
				7DECF2AC1ACC4D650082788A /* Resources */,
				7DF0A39B1AC1A3BD00AF1EFA /* Supporting Files */,
			);
			path = Sneezer;
			sourceTree = "<group>";
		};
		7DF0A39B1AC1A3BD00AF1EFA /* Supporting Files */ = {
			isa = PBXGroup;
			children = (
				7DF0A39C1AC1A3BD00AF1EFA /* Info.plist */,
				7BD49C171ACF354400700A0E /* SpriteKit.framework */,
				7BD49C131ACF283300700A0E /* AVFoundation.framework */,
				7DF431661AC2048D00A3B11D /* AudioToolbox.framework */,
				7DF431621AC1F8DA00A3B11D /* CoreBluetooth.framework */,
				7DF431631AC1F8DA00A3B11D /* CoreLocation.framework */,
			);
			name = "Supporting Files";
			sourceTree = "<group>";
		};
		7DF0A3B01AC1A3BD00AF1EFA /* SneezerTests */ = {
			isa = PBXGroup;
			children = (
				7DF0A3B31AC1A3BD00AF1EFA /* SneezerTests.swift */,
				7DF0A3B11AC1A3BD00AF1EFA /* Supporting Files */,
			);
			path = SneezerTests;
			sourceTree = "<group>";
		};
		7DF0A3B11AC1A3BD00AF1EFA /* Supporting Files */ = {
			isa = PBXGroup;
			children = (
				7DF0A3B21AC1A3BD00AF1EFA /* Info.plist */,
			);
			name = "Supporting Files";
			sourceTree = "<group>";
		};
/* End PBXGroup section */

/* Begin PBXNativeTarget section */
		7DF0A3971AC1A3BD00AF1EFA /* Sneezer */ = {
			isa = PBXNativeTarget;
			buildConfigurationList = 7DF0A3B71AC1A3BD00AF1EFA /* Build configuration list for PBXNativeTarget "Sneezer" */;
			buildPhases = (
				7DF0A3941AC1A3BD00AF1EFA /* Sources */,
				7DF0A3951AC1A3BD00AF1EFA /* Frameworks */,
				7DF0A3961AC1A3BD00AF1EFA /* Resources */,
			);
			buildRules = (
			);
			dependencies = (
			);
			name = Sneezer;
			productName = Sneezer;
			productReference = 7DF0A3981AC1A3BD00AF1EFA /* Sneezer.app */;
			productType = "com.apple.product-type.application";
		};
		7DF0A3AC1AC1A3BD00AF1EFA /* SneezerTests */ = {
			isa = PBXNativeTarget;
			buildConfigurationList = 7DF0A3BA1AC1A3BD00AF1EFA /* Build configuration list for PBXNativeTarget "SneezerTests" */;
			buildPhases = (
				7DF0A3A91AC1A3BD00AF1EFA /* Sources */,
				7DF0A3AA1AC1A3BD00AF1EFA /* Frameworks */,
				7DF0A3AB1AC1A3BD00AF1EFA /* Resources */,
			);
			buildRules = (
			);
			dependencies = (
				7DF0A3AF1AC1A3BD00AF1EFA /* PBXTargetDependency */,
			);
			name = SneezerTests;
			productName = SneezerTests;
			productReference = 7DF0A3AD1AC1A3BD00AF1EFA /* SneezerTests.xctest */;
			productType = "com.apple.product-type.bundle.unit-test";
		};
/* End PBXNativeTarget section */

/* Begin PBXProject section */
		7DF0A3901AC1A3BD00AF1EFA /* Project object */ = {
			isa = PBXProject;
			attributes = {
				LastUpgradeCheck = 0610;
				ORGANIZATIONNAME = "William Loftus";
				TargetAttributes = {
					7DF0A3971AC1A3BD00AF1EFA = {
						CreatedOnToolsVersion = 6.1.1;
						DevelopmentTeam = 23CBJ269V9;
						SystemCapabilities = {
							com.apple.BackgroundModes = {
								enabled = 1;
							};
						};
					};
					7DF0A3AC1AC1A3BD00AF1EFA = {
						CreatedOnToolsVersion = 6.1.1;
						TestTargetID = 7DF0A3971AC1A3BD00AF1EFA;
					};
				};
			};
			buildConfigurationList = 7DF0A3931AC1A3BD00AF1EFA /* Build configuration list for PBXProject "Sneezer" */;
			compatibilityVersion = "Xcode 3.2";
			developmentRegion = English;
			hasScannedForEncodings = 0;
			knownRegions = (
				en,
				Base,
			);
			mainGroup = 7DF0A38F1AC1A3BD00AF1EFA;
			productRefGroup = 7DF0A3991AC1A3BD00AF1EFA /* Products */;
			projectDirPath = "";
			projectRoot = "";
			targets = (
				7DF0A3971AC1A3BD00AF1EFA /* Sneezer */,
				7DF0A3AC1AC1A3BD00AF1EFA /* SneezerTests */,
			);
		};
/* End PBXProject section */

/* Begin PBXResourcesBuildPhase section */
		7DF0A3961AC1A3BD00AF1EFA /* Resources */ = {
			isa = PBXResourcesBuildPhase;
			buildActionMask = 2147483647;
			files = (
				7B25BFD41B03C4D5008214D0 /* angel_wings.png in Resources */,
				7BD49C281AD028F500700A0E /* Pathogen3@2x.png in Resources */,
				7B25BFDA1B03C4E0008214D0 /* img_sneezing2.png in Resources */,
				7D3441F91ACB1C7E00C358DD /* FactorySneeze.m4a in Resources */,
				7DECF2AE1ACC62F20082788A /* BlessYou.m4a in Resources */,
				7B25BFD21B03C46D008214D0 /* CloudExplosion@2x.png in Resources */,
				7DF0A3A31AC1A3BD00AF1EFA /* Main.storyboard in Resources */,
				7B25BFD61B03C4DA008214D0 /* Angel@2x.png in Resources */,
				7BD49C2A1AD028F500700A0E /* Pathogen2@2x.png in Resources */,
				7DF0A3A81AC1A3BD00AF1EFA /* LaunchScreen.xib in Resources */,
				7D3441F71AC9A04100C358DD /* SneezeButtonImg.png in Resources */,
				7DF0A3A51AC1A3BD00AF1EFA /* Images.xcassets in Resources */,
				7BD49C291AD028F500700A0E /* Pathogen1@2x.png in Resources */,
			);
			runOnlyForDeploymentPostprocessing = 0;
		};
		7DF0A3AB1AC1A3BD00AF1EFA /* Resources */ = {
			isa = PBXResourcesBuildPhase;
			buildActionMask = 2147483647;
			files = (
			);
			runOnlyForDeploymentPostprocessing = 0;
		};
/* End PBXResourcesBuildPhase section */

/* Begin PBXSourcesBuildPhase section */
		7DF0A3941AC1A3BD00AF1EFA /* Sources */ = {
			isa = PBXSourcesBuildPhase;
			buildActionMask = 2147483647;
			files = (
				7B5F730D1B03E1BC003AF0F1 /* PathogenNode.swift in Sources */,
				7B25BFCA1B039F7B008214D0 /* InfectedViewController.swift in Sources */,
				7B5F730F1B03F19E003AF0F1 /* SneezeEmitter.swift in Sources */,
				7DF0A3A01AC1A3BD00AF1EFA /* ViewController.swift in Sources */,
				7B5F73131B03FD4E003AF0F1 /* SoundEffectManager.swift in Sources */,
				7B25BFD01B03C194008214D0 /* HealthyViewController.swift in Sources */,
				7B5F73091B03CD05003AF0F1 /* SKTexture+Gradient.swift in Sources */,
				7B5F73111B03F1C8003AF0F1 /* SneezeDetector.swift in Sources */,
				7DF0A39E1AC1A3BD00AF1EFA /* AppDelegate.swift in Sources */,
				7BD49C161ACF349400700A0E /* PathogenScene.swift in Sources */,
				7B25BFCC1B03A8C5008214D0 /* AngelScene.swift in Sources */,
				7B5F730B1B03DEC1003AF0F1 /* AngelNode.swift in Sources */,
			);
			runOnlyForDeploymentPostprocessing = 0;
		};
		7DF0A3A91AC1A3BD00AF1EFA /* Sources */ = {
			isa = PBXSourcesBuildPhase;
			buildActionMask = 2147483647;
			files = (
				7DF0A3B41AC1A3BD00AF1EFA /* SneezerTests.swift in Sources */,
			);
			runOnlyForDeploymentPostprocessing = 0;
		};
/* End PBXSourcesBuildPhase section */

/* Begin PBXTargetDependency section */
		7DF0A3AF1AC1A3BD00AF1EFA /* PBXTargetDependency */ = {
			isa = PBXTargetDependency;
			target = 7DF0A3971AC1A3BD00AF1EFA /* Sneezer */;
			targetProxy = 7DF0A3AE1AC1A3BD00AF1EFA /* PBXContainerItemProxy */;
		};
/* End PBXTargetDependency section */

/* Begin PBXVariantGroup section */
		7DF0A3A11AC1A3BD00AF1EFA /* Main.storyboard */ = {
			isa = PBXVariantGroup;
			children = (
				7DF0A3A21AC1A3BD00AF1EFA /* Base */,
			);
			name = Main.storyboard;
			sourceTree = "<group>";
		};
		7DF0A3A61AC1A3BD00AF1EFA /* LaunchScreen.xib */ = {
			isa = PBXVariantGroup;
			children = (
				7DF0A3A71AC1A3BD00AF1EFA /* Base */,
			);
			name = LaunchScreen.xib;
			sourceTree = "<group>";
		};
/* End PBXVariantGroup section */

/* Begin XCBuildConfiguration section */
		7DF0A3B51AC1A3BD00AF1EFA /* Debug */ = {
			isa = XCBuildConfiguration;
			buildSettings = {
				ALWAYS_SEARCH_USER_PATHS = NO;
				CLANG_CXX_LANGUAGE_STANDARD = "gnu++0x";
				CLANG_CXX_LIBRARY = "libc++";
				CLANG_ENABLE_MODULES = YES;
				CLANG_ENABLE_OBJC_ARC = YES;
				CLANG_WARN_BOOL_CONVERSION = YES;
				CLANG_WARN_CONSTANT_CONVERSION = YES;
				CLANG_WARN_DIRECT_OBJC_ISA_USAGE = YES_ERROR;
				CLANG_WARN_EMPTY_BODY = YES;
				CLANG_WARN_ENUM_CONVERSION = YES;
				CLANG_WARN_INT_CONVERSION = YES;
				CLANG_WARN_OBJC_ROOT_CLASS = YES_ERROR;
				CLANG_WARN_UNREACHABLE_CODE = YES;
				CLANG_WARN__DUPLICATE_METHOD_MATCH = YES;
				"CODE_SIGN_IDENTITY[sdk=iphoneos*]" = "iPhone Developer";
				COPY_PHASE_STRIP = NO;
				ENABLE_STRICT_OBJC_MSGSEND = YES;
				GCC_C_LANGUAGE_STANDARD = gnu99;
				GCC_DYNAMIC_NO_PIC = NO;
				GCC_OPTIMIZATION_LEVEL = 0;
				GCC_PREPROCESSOR_DEFINITIONS = (
					"DEBUG=1",
					"$(inherited)",
				);
				GCC_SYMBOLS_PRIVATE_EXTERN = NO;
				GCC_WARN_64_TO_32_BIT_CONVERSION = YES;
				GCC_WARN_ABOUT_RETURN_TYPE = YES_ERROR;
				GCC_WARN_UNDECLARED_SELECTOR = YES;
				GCC_WARN_UNINITIALIZED_AUTOS = YES_AGGRESSIVE;
				GCC_WARN_UNUSED_FUNCTION = YES;
				GCC_WARN_UNUSED_VARIABLE = YES;
				IPHONEOS_DEPLOYMENT_TARGET = 8.1;
				MTL_ENABLE_DEBUG_INFO = YES;
				ONLY_ACTIVE_ARCH = YES;
				SDKROOT = iphoneos;
				SWIFT_OPTIMIZATION_LEVEL = "-Onone";
				TARGETED_DEVICE_FAMILY = "1,2";
			};
			name = Debug;
		};
		7DF0A3B61AC1A3BD00AF1EFA /* Release */ = {
			isa = XCBuildConfiguration;
			buildSettings = {
				ALWAYS_SEARCH_USER_PATHS = NO;
				CLANG_CXX_LANGUAGE_STANDARD = "gnu++0x";
				CLANG_CXX_LIBRARY = "libc++";
				CLANG_ENABLE_MODULES = YES;
				CLANG_ENABLE_OBJC_ARC = YES;
				CLANG_WARN_BOOL_CONVERSION = YES;
				CLANG_WARN_CONSTANT_CONVERSION = YES;
				CLANG_WARN_DIRECT_OBJC_ISA_USAGE = YES_ERROR;
				CLANG_WARN_EMPTY_BODY = YES;
				CLANG_WARN_ENUM_CONVERSION = YES;
				CLANG_WARN_INT_CONVERSION = YES;
				CLANG_WARN_OBJC_ROOT_CLASS = YES_ERROR;
				CLANG_WARN_UNREACHABLE_CODE = YES;
				CLANG_WARN__DUPLICATE_METHOD_MATCH = YES;
				"CODE_SIGN_IDENTITY[sdk=iphoneos*]" = "iPhone Developer";
				COPY_PHASE_STRIP = YES;
				ENABLE_NS_ASSERTIONS = NO;
				ENABLE_STRICT_OBJC_MSGSEND = YES;
				GCC_C_LANGUAGE_STANDARD = gnu99;
				GCC_WARN_64_TO_32_BIT_CONVERSION = YES;
				GCC_WARN_ABOUT_RETURN_TYPE = YES_ERROR;
				GCC_WARN_UNDECLARED_SELECTOR = YES;
				GCC_WARN_UNINITIALIZED_AUTOS = YES_AGGRESSIVE;
				GCC_WARN_UNUSED_FUNCTION = YES;
				GCC_WARN_UNUSED_VARIABLE = YES;
				IPHONEOS_DEPLOYMENT_TARGET = 8.1;
				MTL_ENABLE_DEBUG_INFO = NO;
				SDKROOT = iphoneos;
				TARGETED_DEVICE_FAMILY = "1,2";
				VALIDATE_PRODUCT = YES;
			};
			name = Release;
		};
		7DF0A3B81AC1A3BD00AF1EFA /* Debug */ = {
			isa = XCBuildConfiguration;
			buildSettings = {
				ASSETCATALOG_COMPILER_APPICON_NAME = AppIcon;
				CODE_SIGN_IDENTITY = "iPhone Developer";
				INFOPLIST_FILE = Sneezer/Info.plist;
				LD_RUNPATH_SEARCH_PATHS = "$(inherited) @executable_path/Frameworks";
				PRODUCT_NAME = "$(TARGET_NAME)";
				PROVISIONING_PROFILE = "d43e5a41-1631-47c4-b9d8-dea13daa10e1";
			};
			name = Debug;
		};
		7DF0A3B91AC1A3BD00AF1EFA /* Release */ = {
			isa = XCBuildConfiguration;
			buildSettings = {
				ASSETCATALOG_COMPILER_APPICON_NAME = AppIcon;
				CODE_SIGN_IDENTITY = "iPhone Developer";
				INFOPLIST_FILE = Sneezer/Info.plist;
				LD_RUNPATH_SEARCH_PATHS = "$(inherited) @executable_path/Frameworks";
				PRODUCT_NAME = "$(TARGET_NAME)";
				PROVISIONING_PROFILE = "d43e5a41-1631-47c4-b9d8-dea13daa10e1";
			};
			name = Release;
		};
		7DF0A3BB1AC1A3BD00AF1EFA /* Debug */ = {
			isa = XCBuildConfiguration;
			buildSettings = {
				BUNDLE_LOADER = "$(TEST_HOST)";
				FRAMEWORK_SEARCH_PATHS = (
					"$(SDKROOT)/Developer/Library/Frameworks",
					"$(inherited)",
				);
				GCC_PREPROCESSOR_DEFINITIONS = (
					"DEBUG=1",
					"$(inherited)",
				);
				INFOPLIST_FILE = SneezerTests/Info.plist;
				LD_RUNPATH_SEARCH_PATHS = "$(inherited) @executable_path/Frameworks @loader_path/Frameworks";
				PRODUCT_NAME = "$(TARGET_NAME)";
				TEST_HOST = "$(BUILT_PRODUCTS_DIR)/Sneezer.app/Sneezer";
			};
			name = Debug;
		};
		7DF0A3BC1AC1A3BD00AF1EFA /* Release */ = {
			isa = XCBuildConfiguration;
			buildSettings = {
				BUNDLE_LOADER = "$(TEST_HOST)";
				FRAMEWORK_SEARCH_PATHS = (
					"$(SDKROOT)/Developer/Library/Frameworks",
					"$(inherited)",
				);
				INFOPLIST_FILE = SneezerTests/Info.plist;
				LD_RUNPATH_SEARCH_PATHS = "$(inherited) @executable_path/Frameworks @loader_path/Frameworks";
				PRODUCT_NAME = "$(TARGET_NAME)";
				TEST_HOST = "$(BUILT_PRODUCTS_DIR)/Sneezer.app/Sneezer";
			};
			name = Release;
		};
/* End XCBuildConfiguration section */

/* Begin XCConfigurationList section */
		7DF0A3931AC1A3BD00AF1EFA /* Build configuration list for PBXProject "Sneezer" */ = {
			isa = XCConfigurationList;
			buildConfigurations = (
				7DF0A3B51AC1A3BD00AF1EFA /* Debug */,
				7DF0A3B61AC1A3BD00AF1EFA /* Release */,
			);
			defaultConfigurationIsVisible = 0;
			defaultConfigurationName = Release;
		};
		7DF0A3B71AC1A3BD00AF1EFA /* Build configuration list for PBXNativeTarget "Sneezer" */ = {
			isa = XCConfigurationList;
			buildConfigurations = (
				7DF0A3B81AC1A3BD00AF1EFA /* Debug */,
				7DF0A3B91AC1A3BD00AF1EFA /* Release */,
			);
			defaultConfigurationIsVisible = 0;
			defaultConfigurationName = Release;
		};
		7DF0A3BA1AC1A3BD00AF1EFA /* Build configuration list for PBXNativeTarget "SneezerTests" */ = {
			isa = XCConfigurationList;
			buildConfigurations = (
				7DF0A3BB1AC1A3BD00AF1EFA /* Debug */,
				7DF0A3BC1AC1A3BD00AF1EFA /* Release */,
			);
			defaultConfigurationIsVisible = 0;
			defaultConfigurationName = Release;
		};
/* End XCConfigurationList section */
	};
	rootObject = 7DF0A3901AC1A3BD00AF1EFA /* Project object */;
}
